{
  "name": "pauzible_admin_web_app",
  "lockfileVersion": 3,
  "requires": true,
  "packages": {
    "": {
      "dependencies": {
        "skyflow-js": "^1.33.3"
      }
    },
    "node_modules/@babel/runtime": {
      "version": "7.23.2",
      "resolved": "https://registry.npmjs.org/@babel/runtime/-/runtime-7.23.2.tgz",
      "integrity": "sha512-mM8eg4yl5D6i3lu2QKPuPH4FArvJ8KhTofbE7jwMUv9KX5mBvwPAqnV3MlyBNqdp9RyRKP6Yck8TrfYrPvX3bg==",
      "dependencies": {
        "regenerator-runtime": "^0.14.0"
      },
      "engines": {
        "node": ">=6.9.0"
      }
    },
    "node_modules/@braintree/uuid": {
      "version": "0.1.0",
      "resolved": "https://registry.npmjs.org/@braintree/uuid/-/uuid-0.1.0.tgz",
      "integrity": "sha512-YvZJdlNcK5EnR+7M8AjgEAf4Qx696+FOSYlPfy5ePn80vODtVAUU0FxHnzKZC0og1VbDNQDDiwhthR65D4Na0g=="
    },
    "node_modules/core-js": {
      "version": "3.33.2",
      "resolved": "https://registry.npmjs.org/core-js/-/core-js-3.33.2.tgz",
      "integrity": "sha512-XeBzWI6QL3nJQiHmdzbAOiMYqjrb7hwU7A39Qhvd/POSa/t9E1AeZyEZx3fNvp/vtM8zXwhoL0FsiS0hD0pruQ==",
      "hasInstallScript": true,
      "funding": {
        "type": "opencollective",
        "url": "https://opencollective.com/core-js"
      }
    },
    "node_modules/css-vendor": {
      "version": "2.0.8",
      "resolved": "https://registry.npmjs.org/css-vendor/-/css-vendor-2.0.8.tgz",
      "integrity": "sha512-x9Aq0XTInxrkuFeHKbYC7zWY8ai7qJ04Kxd9MnvbC1uO5DagxoHQjm4JvG+vCdXOoFtCjbL2XSZfxmoYa9uQVQ==",
      "dependencies": {
        "@babel/runtime": "^7.8.3",
        "is-in-browser": "^1.0.2"
      }
    },
    "node_modules/csstype": {
      "version": "3.1.2",
      "resolved": "https://registry.npmjs.org/csstype/-/csstype-3.1.2.tgz",
      "integrity": "sha512-I7K1Uu0MBPzaFKg4nI5Q7Vs2t+3gWWW648spaF+Rg7pI9ds18Ugn+lvg4SHczUdKlHI5LWBXyqfS8+DufyBsgQ=="
    },
    "node_modules/framebus": {
      "version": "4.0.5",
      "resolved": "https://registry.npmjs.org/framebus/-/framebus-4.0.5.tgz",
      "integrity": "sha512-fVmyLbiYUWW2HA5HL8++BR74mT9XXWEDy+vCirgcZsFVzyAMPnby8SMXo35ba3lNQk+8wwJ8etOeK9I03qsIxg==",
      "dependencies": {
        "@braintree/uuid": "^0.1.0"
      }
    },
    "node_modules/hyphenate-style-name": {
      "version": "1.0.4",
      "resolved": "https://registry.npmjs.org/hyphenate-style-name/-/hyphenate-style-name-1.0.4.tgz",
      "integrity": "sha512-ygGZLjmXfPHj+ZWh6LwbC37l43MhfztxetbFCoYTM2VjkIUpeHgSNn7QIyVFj7YQ1Wl9Cbw5sholVJPzWvC2MQ=="
    },
    "node_modules/inject-stylesheet": {
      "version": "2.0.0",
      "resolved": "https://registry.npmjs.org/inject-stylesheet/-/inject-stylesheet-2.0.0.tgz",
      "integrity": "sha512-XiItpXWDXRrH1VhG5AnHghuZdpDp6UeugiOKBr3RGmANucucHwKuT0BPSB0zpDqiX3P+rhhJFip1rxOI18+/Tw=="
    },
    "node_modules/is-in-browser": {
      "version": "1.1.3",
      "resolved": "https://registry.npmjs.org/is-in-browser/-/is-in-browser-1.1.3.tgz",
      "integrity": "sha512-FeXIBgG/CPGd/WUxuEyvgGTEfwiG9Z4EKGxjNMRqviiIIfsmgrpnHLffEDdwUHqNva1VEW91o3xBT/m8Elgl9g=="
    },
    "node_modules/is-plain-object": {
      "version": "2.0.4",
      "resolved": "https://registry.npmjs.org/is-plain-object/-/is-plain-object-2.0.4.tgz",
      "integrity": "sha512-h5PpgXkWitc38BBMYawTYMWJHFZJVnBquFE57xFpjB8pJFiF6gZ+bU+WyI/yqXiFR5mdLsgYNaPe8uao6Uv9Og==",
      "dependencies": {
        "isobject": "^3.0.1"
      },
      "engines": {
        "node": ">=0.10.0"
      }
    },
    "node_modules/is-primitive": {
      "version": "3.0.1",
      "resolved": "https://registry.npmjs.org/is-primitive/-/is-primitive-3.0.1.tgz",
      "integrity": "sha512-GljRxhWvlCNRfZyORiH77FwdFwGcMO620o37EOYC0ORWdq+WYNVqW0w2Juzew4M+L81l6/QS3t5gkkihyRqv9w==",
      "engines": {
        "node": ">=0.10.0"
      }
    },
    "node_modules/isobject": {
      "version": "3.0.1",
      "resolved": "https://registry.npmjs.org/isobject/-/isobject-3.0.1.tgz",
      "integrity": "sha512-WhB9zCku7EGTj/HQQRz5aUQEUeoQZH2bWcltRErOpymJ4boYE6wL9Tbr23krRPSZ+C5zqNSrSw+Cc7sZZ4b7vg==",
      "engines": {
        "node": ">=0.10.0"
      }
    },
    "node_modules/jquery": {
      "version": "3.7.1",
      "resolved": "https://registry.npmjs.org/jquery/-/jquery-3.7.1.tgz",
      "integrity": "sha512-m4avr8yL8kmFN8psrbFFFmB/If14iN5o9nw/NgnnM+kybDJpRsAynV2BsfpTYrTRysYUdADVD7CkUUizgkpLfg=="
    },
    "node_modules/jquery-mask-plugin": {
      "version": "1.14.16",
      "resolved": "https://registry.npmjs.org/jquery-mask-plugin/-/jquery-mask-plugin-1.14.16.tgz",
      "integrity": "sha512-reywdHlYEkPbzWjTpcc1fk9XQ3PLvO5dzEAVqy8zI7NTF22tB1HbeU3iboZTLdkBEPaWAqeI2HtEjsGQ4roZKw=="
    },
    "node_modules/jss": {
      "version": "10.10.0",
      "resolved": "https://registry.npmjs.org/jss/-/jss-10.10.0.tgz",
      "integrity": "sha512-cqsOTS7jqPsPMjtKYDUpdFC0AbhYFLTcuGRqymgmdJIeQ8cH7+AgX7YSgQy79wXloZq2VvATYxUOUQEvS1V/Zw==",
      "dependencies": {
        "@babel/runtime": "^7.3.1",
        "csstype": "^3.0.2",
        "is-in-browser": "^1.1.3",
        "tiny-warning": "^1.0.2"
      },
      "funding": {
        "type": "opencollective",
        "url": "https://opencollective.com/jss"
      }
    },
    "node_modules/jss-plugin-camel-case": {
      "version": "10.10.0",
      "resolved": "https://registry.npmjs.org/jss-plugin-camel-case/-/jss-plugin-camel-case-10.10.0.tgz",
      "integrity": "sha512-z+HETfj5IYgFxh1wJnUAU8jByI48ED+v0fuTuhKrPR+pRBYS2EDwbusU8aFOpCdYhtRc9zhN+PJ7iNE8pAWyPw==",
      "dependencies": {
        "@babel/runtime": "^7.3.1",
        "hyphenate-style-name": "^1.0.3",
        "jss": "10.10.0"
      }
    },
    "node_modules/jss-plugin-compose": {
      "version": "10.10.0",
      "resolved": "https://registry.npmjs.org/jss-plugin-compose/-/jss-plugin-compose-10.10.0.tgz",
      "integrity": "sha512-F5kgtWpI2XfZ3Z8eP78tZEYFdgTIbpA/TMuX3a8vwrNolYtN1N4qJR/Ob0LAsqIwCMLojtxN7c7Oo/+Vz6THow==",
      "dependencies": {
        "@babel/runtime": "^7.3.1",
        "jss": "10.10.0",
        "tiny-warning": "^1.0.2"
      }
    },
    "node_modules/jss-plugin-default-unit": {
      "version": "10.10.0",
      "resolved": "https://registry.npmjs.org/jss-plugin-default-unit/-/jss-plugin-default-unit-10.10.0.tgz",
      "integrity": "sha512-SvpajxIECi4JDUbGLefvNckmI+c2VWmP43qnEy/0eiwzRUsafg5DVSIWSzZe4d2vFX1u9nRDP46WCFV/PXVBGQ==",
      "dependencies": {
        "@babel/runtime": "^7.3.1",
        "jss": "10.10.0"
      }
    },
    "node_modules/jss-plugin-expand": {
      "version": "10.10.0",
      "resolved": "https://registry.npmjs.org/jss-plugin-expand/-/jss-plugin-expand-10.10.0.tgz",
      "integrity": "sha512-ymT62W2OyDxBxr7A6JR87vVX9vTq2ep5jZLIdUSusfBIEENLdkkc0lL/Xaq8W9s3opUq7R0sZQpzRWELrfVYzA==",
      "dependencies": {
        "@babel/runtime": "^7.3.1",
        "jss": "10.10.0"
      }
    },
    "node_modules/jss-plugin-extend": {
      "version": "10.10.0",
      "resolved": "https://registry.npmjs.org/jss-plugin-extend/-/jss-plugin-extend-10.10.0.tgz",
      "integrity": "sha512-sKYrcMfr4xxigmIwqTjxNcHwXJIfvhvjTNxF+Tbc1NmNdyspGW47Ey6sGH8BcQ4FFQhLXctpWCQSpDwdNmXSwg==",
      "dependencies": {
        "@babel/runtime": "^7.3.1",
        "jss": "10.10.0",
        "tiny-warning": "^1.0.2"
      }
    },
    "node_modules/jss-plugin-global": {
      "version": "10.10.0",
      "resolved": "https://registry.npmjs.org/jss-plugin-global/-/jss-plugin-global-10.10.0.tgz",
      "integrity": "sha512-icXEYbMufiNuWfuazLeN+BNJO16Ge88OcXU5ZDC2vLqElmMybA31Wi7lZ3lf+vgufRocvPj8443irhYRgWxP+A==",
      "dependencies": {
        "@babel/runtime": "^7.3.1",
        "jss": "10.10.0"
      }
    },
    "node_modules/jss-plugin-nested": {
      "version": "10.10.0",
      "resolved": "https://registry.npmjs.org/jss-plugin-nested/-/jss-plugin-nested-10.10.0.tgz",
      "integrity": "sha512-9R4JHxxGgiZhurDo3q7LdIiDEgtA1bTGzAbhSPyIOWb7ZubrjQe8acwhEQ6OEKydzpl8XHMtTnEwHXCARLYqYA==",
      "dependencies": {
        "@babel/runtime": "^7.3.1",
        "jss": "10.10.0",
        "tiny-warning": "^1.0.2"
      }
    },
    "node_modules/jss-plugin-props-sort": {
      "version": "10.10.0",
      "resolved": "https://registry.npmjs.org/jss-plugin-props-sort/-/jss-plugin-props-sort-10.10.0.tgz",
      "integrity": "sha512-5VNJvQJbnq/vRfje6uZLe/FyaOpzP/IH1LP+0fr88QamVrGJa0hpRRyAa0ea4U/3LcorJfBFVyC4yN2QC73lJg==",
      "dependencies": {
        "@babel/runtime": "^7.3.1",
        "jss": "10.10.0"
      }
    },
    "node_modules/jss-plugin-rule-value-function": {
      "version": "10.10.0",
      "resolved": "https://registry.npmjs.org/jss-plugin-rule-value-function/-/jss-plugin-rule-value-function-10.10.0.tgz",
      "integrity": "sha512-uEFJFgaCtkXeIPgki8ICw3Y7VMkL9GEan6SqmT9tqpwM+/t+hxfMUdU4wQ0MtOiMNWhwnckBV0IebrKcZM9C0g==",
      "dependencies": {
        "@babel/runtime": "^7.3.1",
        "jss": "10.10.0",
        "tiny-warning": "^1.0.2"
      }
    },
    "node_modules/jss-plugin-rule-value-observable": {
      "version": "10.10.0",
      "resolved": "https://registry.npmjs.org/jss-plugin-rule-value-observable/-/jss-plugin-rule-value-observable-10.10.0.tgz",
      "integrity": "sha512-ZLMaYrR3QE+vD7nl3oNXuj79VZl9Kp8/u6A1IbTPDcuOu8b56cFdWRZNZ0vNr8jHewooEeq2doy8Oxtymr2ZPA==",
      "dependencies": {
        "@babel/runtime": "^7.3.1",
        "jss": "10.10.0",
        "symbol-observable": "^1.2.0"
      }
    },
    "node_modules/jss-plugin-template": {
      "version": "10.10.0",
      "resolved": "https://registry.npmjs.org/jss-plugin-template/-/jss-plugin-template-10.10.0.tgz",
      "integrity": "sha512-ocXZBIOJOA+jISPdsgkTs8wwpK6UbsvtZK5JI7VUggTD6LWKbtoxUzadd2TpfF+lEtlhUmMsCkTRNkITdPKa6w==",
      "dependencies": {
        "@babel/runtime": "^7.3.1",
        "jss": "10.10.0",
        "tiny-warning": "^1.0.2"
      }
    },
    "node_modules/jss-plugin-vendor-prefixer": {
      "version": "10.10.0",
      "resolved": "https://registry.npmjs.org/jss-plugin-vendor-prefixer/-/jss-plugin-vendor-prefixer-10.10.0.tgz",
      "integrity": "sha512-UY/41WumgjW8r1qMCO8l1ARg7NHnfRVWRhZ2E2m0DMYsr2DD91qIXLyNhiX83hHswR7Wm4D+oDYNC1zWCJWtqg==",
      "dependencies": {
        "@babel/runtime": "^7.3.1",
        "css-vendor": "^2.0.8",
        "jss": "10.10.0"
      }
    },
    "node_modules/jss-preset-default": {
      "version": "10.10.0",
      "resolved": "https://registry.npmjs.org/jss-preset-default/-/jss-preset-default-10.10.0.tgz",
      "integrity": "sha512-GL175Wt2FGhjE+f+Y3aWh+JioL06/QWFgZp53CbNNq6ZkVU0TDplD8Bxm9KnkotAYn3FlplNqoW5CjyLXcoJ7Q==",
      "dependencies": {
        "@babel/runtime": "^7.3.1",
        "jss": "10.10.0",
        "jss-plugin-camel-case": "10.10.0",
        "jss-plugin-compose": "10.10.0",
        "jss-plugin-default-unit": "10.10.0",
        "jss-plugin-expand": "10.10.0",
        "jss-plugin-extend": "10.10.0",
        "jss-plugin-global": "10.10.0",
        "jss-plugin-nested": "10.10.0",
        "jss-plugin-props-sort": "10.10.0",
        "jss-plugin-rule-value-function": "10.10.0",
        "jss-plugin-rule-value-observable": "10.10.0",
        "jss-plugin-template": "10.10.0",
        "jss-plugin-vendor-prefixer": "10.10.0"
      }
    },
    "node_modules/jwt-decode": {
      "version": "3.1.2",
      "resolved": "https://registry.npmjs.org/jwt-decode/-/jwt-decode-3.1.2.tgz",
      "integrity": "sha512-UfpWE/VZn0iP50d8cz9NrZLM9lSWhcJ+0Gt/nm4by88UL+J1SiKN8/5dkjMmbEzwL2CAe+67GsegCbIKtbp75A=="
    },
    "node_modules/lodash": {
      "version": "4.17.21",
      "resolved": "https://registry.npmjs.org/lodash/-/lodash-4.17.21.tgz",
      "integrity": "sha512-v2kDEe57lecTulaDIuNTPy3Ry4gLGJ6Z1O3vE1krgXZNrsQ+LFTGHVxVjcXPs17LhbZVGedAJv8XZ1tvj5FvSg=="
    },
    "node_modules/regenerator-runtime": {
      "version": "0.14.0",
      "resolved": "https://registry.npmjs.org/regenerator-runtime/-/regenerator-runtime-0.14.0.tgz",
      "integrity": "sha512-srw17NI0TUWHuGa5CFGGmhfNIeja30WMBfbslPNhf6JrqQlLN5gcrvig1oqPxiVaXb0oW0XRKtH6Nngs5lKCIA=="
    },
    "node_modules/regex-parser": {
      "version": "2.2.11",
      "resolved": "https://registry.npmjs.org/regex-parser/-/regex-parser-2.2.11.tgz",
      "integrity": "sha512-jbD/FT0+9MBU2XAZluI7w2OBs1RBi6p9M83nkoZayQXXU9e8Robt69FcZc7wU4eJD/YFTjn1JdCk3rbMJajz8Q=="
    },
    "node_modules/set-value": {
      "version": "4.1.0",
      "resolved": "https://registry.npmjs.org/set-value/-/set-value-4.1.0.tgz",
      "integrity": "sha512-zTEg4HL0RwVrqcWs3ztF+x1vkxfm0lP+MQQFPiMJTKVceBwEV0A569Ou8l9IYQG8jOZdMVI1hGsc0tmeD2o/Lw==",
      "funding": [
        "https://github.com/sponsors/jonschlinkert",
        "https://paypal.me/jonathanschlinkert",
        "https://jonschlinkert.dev/sponsor"
      ],
      "dependencies": {
        "is-plain-object": "^2.0.4",
        "is-primitive": "^3.0.1"
      },
      "engines": {
        "node": ">=11.0"
      }
    },
    "node_modules/skyflow-js": {
      "version": "1.33.3",
      "resolved": "https://registry.npmjs.org/skyflow-js/-/skyflow-js-1.33.3.tgz",
      "integrity": "sha512-G5XdXPdNVxCsfYIwMFTQ0ysuND+lxFCWciSmK1WdLlYOCKYO9AS9Uga6Yrc5UNxMOucNGvjVy8exCij/6PizuA==",
      "dependencies": {
        "core-js": "^3.6.5",
        "framebus": "^4.0.0",
        "inject-stylesheet": "^2.0.0",
        "jquery": "^3.5.1",
        "jquery-mask-plugin": "^1.14.16",
        "jss": "^10.7.1",
        "jss-preset-default": "^10.7.1",
        "jwt-decode": "^3.1.2",
        "lodash": "^4.17.21",
        "regex-parser": "^2.2.11",
        "set-value": "^4.0.1"
      },
      "engines": {
        "node": ">=12.0",
        "npm": ">=6.0"
      }
    },
    "node_modules/symbol-observable": {
      "version": "1.2.0",
      "resolved": "https://registry.npmjs.org/symbol-observable/-/symbol-observable-1.2.0.tgz",
      "integrity": "sha512-e900nM8RRtGhlV36KGEU9k65K3mPb1WV70OdjfxlG2EAuM1noi/E/BaW/uMhL7bPEssK8QV57vN3esixjUvcXQ==",
      "engines": {
        "node": ">=0.10.0"
      }
    },
    "node_modules/tiny-warning": {
      "version": "1.0.3",
      "resolved": "https://registry.npmjs.org/tiny-warning/-/tiny-warning-1.0.3.tgz",
      "integrity": "sha512-lBN9zLN/oAf68o3zNXYrdCt1kP8WsiGW8Oo2ka41b2IM5JL/S1CTyX1rW0mb/zSuJun0ZUrDxx4sqvYS2FWzPA=="
    }
  }
}
